lockfileVersion: '9.0'

settings:
  autoInstallPeers: true
  excludeLinksFromLockfile: false

importers:

  .:
    devDependencies:
      '@fontsource/ibm-plex-mono':
        specifier: ^5.3.0
        version: 5.3.0
      '@fontsource/ibm-plex-sans':
        specifier: ^5.3.0
        version: 5.3.0
      '@fortawesome/fontawesome-free':
        specifier: ^7.3.1
        version: 7.3.1
      playwright:
        specifier: ^1.63.0
        version: 1.63.0

packages:

  '@fontsource/ibm-plex-mono@5.3.0':
    resolution: {integrity: sha512-eTgnZjZEGk1QtD3ZstF+Vclo2HLAni8YMy34/DxllwZvyz1lR/1RF/xTiAquOBO7MvqBx8D2Ig2WCPMVfdZu7Q==}

  '@fontsource/ibm-plex-sans@5.3.0':
    resolution: {integrity: sha512-CbE4CbbEEZJX860XyUiRpsksXIQR8Rp2XDva2VO53NJox9tVNtusrysd2x5YkUEY3ErQ66W1IiiQL8/wihhw5w==}

  '@fortawesome/fontawesome-free@7.3.1':
    resolution: {integrity: sha512-wmglKKPDIkgV3aWlZzWECCPoGIkYCulzBwxG9+w7rc5BGapZ6cPMpoPOT8k36J0Ni7PPX6c/rsoMWfS4d1MUMg==}
    engines: {node: '>=6'}

  playwright-core@1.63.0:
    resolution: {integrity: sha512-rYCsBF/M5HjUch52bbtVONEFjv6Xu8sm8h72dNlR5bzIE1fvC/bxgspzkjSfU+MweEMmPM8KJebG6nnyxo5mCg==}
    engines: {node: '>=20'}
    hasBin: true

  playwright@1.63.0:
    resolution: {integrity: sha512-+7ziBLidS4NaNCdt57SUDT+wYmmd5fmiQejUic/kb+YsYSCPyOOE9sebzMjNmQrsnNpDJqd4WHvV/8lfKfUDUg==}
    engines: {node: '>=20'}
    hasBin: true

snapshots:

  '@fontsource/ibm-plex-mono@5.3.0': {}

  '@fontsource/ibm-plex-sans@5.3.0': {}

  '@fortawesome/fontawesome-free@7.3.1': {}

  playwright-core@1.63.0: {}

  playwright@1.63.0:
    dependencies:
      playwright-core: 1.63.0
